
Microsoft Visual Studio Solution File, Format Version 12.00
# Visual Studio Version 17
VisualStudioVersion = 17.6.33815.320
MinimumVisualStudioVersion = 10.0.40219.1
Project("{FAE04EC0-301F-11D3-BF4B-00C04F79EFBC}") = "ourTime-server", "ourTime-server.csproj", "{6E0804BF-3A1D-41B2-9F52-C2FE2B308DFA}"
EndProject
Global
	GlobalSection(SolutionConfigurationPlatforms) = preSolution
		Debug|Any CPU = Debug|Any CPU
		Release|Any CPU = Release|Any CPU
	EndGlobalSection
	GlobalSection(ProjectConfigurationPlatforms) = postSolution
		{6E0804BF-3A1D-41B2-9F52-C2FE2B308DFA}.Debug|Any CPU.ActiveCfg = Debug|Any CPU
		{6E0804BF-3A1D-41B2-9F52-C2FE2B308DFA}.Debug|Any CPU.Build.0 = Debug|Any CPU
		{6E0804BF-3A1D-41B2-9F52-C2FE2B308DFA}.Release|Any CPU.ActiveCfg = Release|Any CPU
		{6E0804BF-3A1D-41B2-9F52-C2FE2B308DFA}.Release|Any CPU.Build.0 = Release|Any CPU
	EndGlobalSection
	GlobalSection(SolutionProperties) = preSolution
		HideSolutionNode = FALSE
	EndGlobalSection
	GlobalSection(ExtensibilityGlobals) = postSolution
		SolutionGuid = {CB22E583-751B-40EE-B8AC-67BED0F8227A}
	EndGlobalSection
EndGlobal
